<?xml version="1.0" encoding="utf-8"?>
<Project ToolsVersion="4.0" xmlns="http://schemas.microsoft.com/developer/msbuild/2003">
  <ItemGroup>
    <Filter Include="Source Files">
      <UniqueIdentifier>{4FC737F1-C7A5-4376-A066-2A32D752A2FF}</UniqueIdentifier>
      <Extensions>cpp;c;cc;cxx;def;odl;idl;hpj;bat;asm;asmx</Extensions>
    </Filter>
    <Filter Include="Header Files">
      <UniqueIdentifier>{93995380-89BD-4b04-88EB-625FBE52EBFB}</UniqueIdentifier>
      <Extensions>h;hh;hpp;hxx;hm;inl;inc;xsd</Extensions>
    </Filter>
    <Filter Include="Resource Files">
      <UniqueIdentifier>{67DA6AB6-F800-4c08-8B7A-83BB121AAD01}</UniqueIdentifier>
      <Extensions>rc;ico;cur;bmp;dlg;rc2;rct;bin;rgs;gif;jpg;jpeg;jpe;resx;tiff;tif;png;wav;mfcribbon-ms</Extensions>
    </Filter>
    <Filter Include="Header Files\AST">
      <UniqueIdentifier>{90563934-d4f0-43ea-ae45-b15f3d02160e}</UniqueIdentifier>
    </Filter>
    <Filter Include="Source Files\AST">
      <UniqueIdentifier>{83a47b12-c830-4957-8c44-d5e0bbf69df8}</UniqueIdentifier>
    </Filter>
    <Filter Include="Header Files\Types">
      <UniqueIdentifier>{313ac28f-7cbe-4bee-9f8a-b95894b3b18a}</UniqueIdentifier>
    </Filter>
    <Filter Include="Source Files\Types">
      <UniqueIdentifier>{9a602373-7dcb-48e0-875d-6357446cdc0b}</UniqueIdentifier>
    </Filter>
  </ItemGroup>
  <ItemGroup>
    <ClCompile Include="main.cpp">
      <Filter>Source Files</Filter>
    </ClCompile>
    <ClCompile Include="ZLexer.cpp">
      <Filter>Source Files</Filter>
    </ClCompile>
    <ClCompile Include="SymbolEntry.cpp">
      <Filter>Source Files</Filter>
    </ClCompile>
    <ClCompile Include="SymbolTable.cpp">
      <Filter>Source Files</Filter>
    </ClCompile>
    <ClCompile Include="ZVisitor.cpp">
      <Filter>Source Files</Filter>
    </ClCompile>
    <ClCompile Include="LlvmPass.cpp">
      <Filter>Source Files</Filter>
    </ClCompile>
    <ClCompile Include="Utils.cpp">
      <Filter>Source Files</Filter>
    </ClCompile>
    <ClCompile Include="ZParser.cpp">
      <Filter>Source Files</Filter>
    </ClCompile>
    <ClCompile Include="SymbolRef.cpp">
      <Filter>Source Files</Filter>
    </ClCompile>
    <ClCompile Include="TypingPass.cpp">
      <Filter>Source Files</Filter>
    </ClCompile>
    <ClCompile Include="ZWhile.cpp">
      <Filter>Source Files\AST</Filter>
    </ClCompile>
    <ClCompile Include="ZVarDef.cpp">
      <Filter>Source Files\AST</Filter>
    </ClCompile>
    <ClCompile Include="ZStringLit.cpp">
      <Filter>Source Files\AST</Filter>
    </ClCompile>
    <ClCompile Include="ZReturn.cpp">
      <Filter>Source Files\AST</Filter>
    </ClCompile>
    <ClCompile Include="ZModule.cpp">
      <Filter>Source Files\AST</Filter>
    </ClCompile>
    <ClCompile Include="ZIf.cpp">
      <Filter>Source Files\AST</Filter>
    </ClCompile>
    <ClCompile Include="ZFunc.cpp">
      <Filter>Source Files\AST</Filter>
    </ClCompile>
    <ClCompile Include="ZCall.cpp">
      <Filter>Source Files\AST</Filter>
    </ClCompile>
    <ClCompile Include="ZBlock.cpp">
      <Filter>Source Files\AST</Filter>
    </ClCompile>
    <ClCompile Include="ZBinOp.cpp">
      <Filter>Source Files\AST</Filter>
    </ClCompile>
    <ClCompile Include="ZAst.cpp">
      <Filter>Source Files\AST</Filter>
    </ClCompile>
    <ClCompile Include="ZAssign.cpp">
      <Filter>Source Files\AST</Filter>
    </ClCompile>
    <ClCompile Include="ZArg.cpp">
      <Filter>Source Files\AST</Filter>
    </ClCompile>
    <ClCompile Include="ZCharLit.cpp">
      <Filter>Source Files\AST</Filter>
    </ClCompile>
    <ClCompile Include="ZBasicType.cpp">
      <Filter>Source Files\Types</Filter>
    </ClCompile>
    <ClCompile Include="ZFuncType.cpp">
      <Filter>Source Files\Types</Filter>
    </ClCompile>
    <ClCompile Include="ZType.cpp">
      <Filter>Source Files\Types</Filter>
    </ClCompile>
    <ClCompile Include="ZLambda.cpp">
      <Filter>Source Files\AST</Filter>
    </ClCompile>
    <ClCompile Include="SymbolScope.cpp">
      <Filter>Source Files</Filter>
    </ClCompile>
    <ClCompile Include="ZCompilerSettings.cpp">
      <Filter>Source Files</Filter>
    </ClCompile>
    <ClCompile Include="ZCompiler.cpp">
      <Filter>Source Files</Filter>
    </ClCompile>
  </ItemGroup>
  <ItemGroup>
    <ClInclude Include="ZLexer.h">
      <Filter>Header Files</Filter>
    </ClInclude>
    <ClInclude Include="ZLexeme.h">
      <Filter>Header Files</Filter>
    </ClInclude>
    <ClInclude Include="ZVisitor.h">
      <Filter>Header Files</Filter>
    </ClInclude>
    <ClInclude Include="Utils.h">
      <Filter>Header Files</Filter>
    </ClInclude>
    <ClInclude Include="SymbolTable.h">
      <Filter>Header Files</Filter>
    </ClInclude>
    <ClInclude Include="SymbolEntry.h">
      <Filter>Header Files</Filter>
    </ClInclude>
    <ClInclude Include="ZParser.h">
      <Filter>Header Files</Filter>
    </ClInclude>
    <ClInclude Include="LlvmPass.h">
      <Filter>Header Files</Filter>
    </ClInclude>
    <ClInclude Include="SymbolRef.h">
      <Filter>Header Files</Filter>
    </ClInclude>
    <ClInclude Include="TypingPass.h">
      <Filter>Header Files</Filter>
    </ClInclude>
    <ClInclude Include="LlvmStorage.h">
      <Filter>Header Files</Filter>
    </ClInclude>
    <ClInclude Include="LlvmTable.h">
      <Filter>Header Files</Filter>
    </ClInclude>
    <ClInclude Include="SourceRange.h">
      <Filter>Header Files</Filter>
    </ClInclude>
    <ClInclude Include="ZWhile.h">
      <Filter>Header Files\AST</Filter>
    </ClInclude>
    <ClInclude Include="ZVarDef.h">
      <Filter>Header Files\AST</Filter>
    </ClInclude>
    <ClInclude Include="ZStringLit.h">
      <Filter>Header Files\AST</Filter>
    </ClInclude>
    <ClInclude Include="ZReturn.h">
      <Filter>Header Files\AST</Filter>
    </ClInclude>
    <ClInclude Include="ZModule.h">
      <Filter>Header Files\AST</Filter>
    </ClInclude>
    <ClInclude Include="ZIntLit.h">
      <Filter>Header Files\AST</Filter>
    </ClInclude>
    <ClInclude Include="ZIf.h">
      <Filter>Header Files\AST</Filter>
    </ClInclude>
    <ClInclude Include="ZFunc.h">
      <Filter>Header Files\AST</Filter>
    </ClInclude>
    <ClInclude Include="ZExpr.h">
      <Filter>Header Files\AST</Filter>
    </ClInclude>
    <ClInclude Include="ZCall.h">
      <Filter>Header Files\AST</Filter>
    </ClInclude>
    <ClInclude Include="ZBlock.h">
      <Filter>Header Files\AST</Filter>
    </ClInclude>
    <ClInclude Include="ZBinOp.h">
      <Filter>Header Files\AST</Filter>
    </ClInclude>
    <ClInclude Include="ZId.h">
      <Filter>Header Files\AST</Filter>
    </ClInclude>
    <ClInclude Include="ZAst.h">
      <Filter>Header Files\AST</Filter>
    </ClInclude>
    <ClInclude Include="ZAssign.h">
      <Filter>Header Files\AST</Filter>
    </ClInclude>
    <ClInclude Include="ZArg.h">
      <Filter>Header Files\AST</Filter>
    </ClInclude>
    <ClInclude Include="ZCharLit.h">
      <Filter>Header Files\AST</Filter>
    </ClInclude>
    <ClInclude Include="ZBooleanLit.h">
      <Filter>Header Files\AST</Filter>
    </ClInclude>
    <ClInclude Include="ZNop.h">
      <Filter>Header Files\AST</Filter>
    </ClInclude>
    <ClInclude Include="ZCast.h">
      <Filter>Header Files\AST</Filter>
    </ClInclude>
    <ClInclude Include="ZSubscript.h">
      <Filter>Header Files\AST</Filter>
    </ClInclude>
    <ClInclude Include="ZArrayType.h">
      <Filter>Header Files\Types</Filter>
    </ClInclude>
    <ClInclude Include="ZType.h">
      <Filter>Header Files\Types</Filter>
    </ClInclude>
    <ClInclude Include="ZFuncType.h">
      <Filter>Header Files\Types</Filter>
    </ClInclude>
    <ClInclude Include="ZGenericParam.h">
      <Filter>Header Files\Types</Filter>
    </ClInclude>
    <ClInclude Include="ZBasicType.h">
      <Filter>Header Files\Types</Filter>
    </ClInclude>
    <ClInclude Include="ZLambda.h">
      <Filter>Header Files\AST</Filter>
    </ClInclude>
    <ClInclude Include="ZWildcardType.h">
      <Filter>Header Files\Types</Filter>
    </ClInclude>
    <ClInclude Include="ZFor.h">
      <Filter>Header Files\AST</Filter>
    </ClInclude>
    <ClInclude Include="GenericResolutionChain.h">
      <Filter>Header Files</Filter>
    </ClInclude>
    <ClInclude Include="ZStructType.h">
      <Filter>Header Files\Types</Filter>
    </ClInclude>
    <ClInclude Include="ZSelector.h">
      <Filter>Header Files\AST</Filter>
    </ClInclude>
    <ClInclude Include="SymbolScope.h">
      <Filter>Header Files</Filter>
    </ClInclude>
    <ClInclude Include="ZSizeOf.h">
      <Filter>Header Files\AST</Filter>
    </ClInclude>
    <ClInclude Include="ZFuncCast.h">
      <Filter>Header Files\AST</Filter>
    </ClInclude>
    <ClInclude Include="ZNumberType.h">
      <Filter>Header Files\Types</Filter>
    </ClInclude>
    <ClInclude Include="Juxtaposer.h">
      <Filter>Header Files</Filter>
    </ClInclude>
    <ClInclude Include="ParserError.h">
      <Filter>Header Files</Filter>
    </ClInclude>
    <ClInclude Include="JuxtaposeResult.h">
      <Filter>Header Files</Filter>
    </ClInclude>
    <ClInclude Include="ZDelayedType.h">
      <Filter>Header Files\Types</Filter>
    </ClInclude>
    <ClInclude Include="ZUnaryOp.h">
      <Filter>Header Files\AST</Filter>
    </ClInclude>
    <ClInclude Include="ZCompilerSettings.h">
      <Filter>Header Files</Filter>
    </ClInclude>
    <ClInclude Include="ZCompiler.h">
      <Filter>Header Files</Filter>
    </ClInclude>
    <ClInclude Include="StatementError.h">
      <Filter>Header Files</Filter>
    </ClInclude>
  </ItemGroup>
</Project>